version = 1
revision = 1
requires-python = ">=3.13"

[[package]]
name = "bf"
version = "1.11.0"
source = { registry = "https://pypi.org/simple" }
dependencies = [
    { name = "bl" },
    { name = "cssselect" },
    { name = "cssutils" },
    { name = "libsass" },
    { name = "unum" },
]
sdist = { url = "https://files.pythonhosted.org/packages/29/dc/4fccaeb9c26a98c97b0835c3ee1cb24dfca1ef3faaef425e7e5fd1a44e04/bf-1.11.0.tar.gz", hash = "sha256:7d1e70381fee37a86e9ee12a00eec5c357435359b5027fd5fd4b5519469fae1a", size = 6406 }
wheels = [
    { url = "https://files.pythonhosted.org/packages/45/1b/05b9266312860466f6c4cfeed2c1b9126fbe49321b8a227ed2646a3350d5/bf-1.11.0-py2.py3-none-any.whl", hash = "sha256:ff238a7fa339d57b688e2340b581c73fed5fc2a7b5725981ce44188ce6788c0d", size = 10433 },
]

[[package]]
name = "bl"
version = "2.4.0"
source = { registry = "https://pypi.org/simple" }
sdist = { url = "https://files.pythonhosted.org/packages/13/48/4345655fbb566c8f9d8ea868999f2d8230052d2831d4f46768b64b789650/bl-2.4.0.tar.gz", hash = "sha256:6f3d11b88d9ef46aa8e3d5d5d6cf711828071134fb9c4e475c37b196661f4dc7", size = 17837 }
wheels = [
    { url = "https://files.pythonhosted.org/packages/80/38/eebcef65e98930e353cff4ffc86cbe4007be9da17e06b6b7c11543726db0/bl-2.4.0-py2.py3-none-any.whl", hash = "sha256:986ffdfb74854a2748531b3bc3817eefd34fb0af2ef587083e7da284edcb4824", size = 27229 },
]

[[package]]
name = "cssselect"
version = "1.3.0"
source = { registry = "https://pypi.org/simple" }
sdist = { url = "https://files.pythonhosted.org/packages/72/0a/c3ea9573b1dc2e151abfe88c7fe0c26d1892fe6ed02d0cdb30f0d57029d5/cssselect-1.3.0.tar.gz", hash = "sha256:57f8a99424cfab289a1b6a816a43075a4b00948c86b4dcf3ef4ee7e15f7ab0c7", size = 42870 }
wheels = [
    { url = "https://files.pythonhosted.org/packages/ee/58/257350f7db99b4ae12b614a36256d9cc870d71d9e451e79c2dc3b23d7c3c/cssselect-1.3.0-py3-none-any.whl", hash = "sha256:56d1bf3e198080cc1667e137bc51de9cadfca259f03c2d4e09037b3e01e30f0d", size = 18786 },
]

[[package]]
name = "cssutils"
version = "2.11.1"
source = { registry = "https://pypi.org/simple" }
dependencies = [
    { name = "more-itertools" },
]
sdist = { url = "https://files.pythonhosted.org/packages/33/9f/329d26121fe165be44b1dfff21aa0dc348f04633931f1d20ed6cf448a236/cssutils-2.11.1.tar.gz", hash = "sha256:0563a76513b6af6eebbe788c3bf3d01c920e46b3f90c8416738c5cfc773ff8e2", size = 711657 }
wheels = [
    { url = "https://files.pythonhosted.org/packages/a7/ec/bb273b7208c606890dc36540fe667d06ce840a6f62f9fae7e658fcdc90fb/cssutils-2.11.1-py3-none-any.whl", hash = "sha256:a67bfdfdff4f3867fab43698ec4897c1a828eca5973f4073321b3bccaf1199b1", size = 385747 },
]

[[package]]
name = "libsass"
version = "0.23.0"
source = { registry = "https://pypi.org/simple" }
sdist = { url = "https://files.pythonhosted.org/packages/79/b4/ab091585eaa77299558e3289ca206846aefc123fb320b5656ab2542c20ad/libsass-0.23.0.tar.gz", hash = "sha256:6f209955ede26684e76912caf329f4ccb57e4a043fd77fe0e7348dd9574f1880", size = 316068 }
wheels = [
    { url = "https://files.pythonhosted.org/packages/e5/13/fc1bea1de880ca935137183727c7d4dd921c4128fc08b8ddc3698ba5a8a3/libsass-0.23.0-cp38-abi3-macosx_11_0_x86_64.whl", hash = "sha256:34cae047cbbfc4ffa832a61cbb110f3c95f5471c6170c842d3fed161e40814dc", size = 1086783 },
    { url = "https://files.pythonhosted.org/packages/55/2f/6af938651ff3aec0a0b00742209df1172bc297fa73531f292801693b7315/libsass-0.23.0-cp38-abi3-macosx_14_0_arm64.whl", hash = "sha256:ea97d1b45cdc2fc3590cb9d7b60f1d8915d3ce17a98c1f2d4dd47ee0d9c68ce6", size = 982759 },
    { url = "https://files.pythonhosted.org/packages/fd/5a/eb5b62641df0459a3291fc206cf5bd669c0feed7814dded8edef4ade8512/libsass-0.23.0-cp38-abi3-manylinux_2_5_x86_64.manylinux1_x86_64.whl", hash = "sha256:4a218406d605f325d234e4678bd57126a66a88841cb95bee2caeafdc6f138306", size = 9444543 },
    { url = "https://files.pythonhosted.org/packages/e5/fc/275783f5120970d859ae37d04b6a60c13bdec2aa4294b9dfa8a37b5c2513/libsass-0.23.0-cp38-abi3-win32.whl", hash = "sha256:31e86d92a5c7a551df844b72d83fc2b5e50abc6fbbb31e296f7bebd6489ed1b4", size = 775481 },
    { url = "https://files.pythonhosted.org/packages/ef/20/caf3c7cf2432d85263119798c45221ddf67bdd7dae8f626d14ff8db04040/libsass-0.23.0-cp38-abi3-win_amd64.whl", hash = "sha256:a2ec85d819f353cbe807432d7275d653710d12b08ec7ef61c124a580a8352f3c", size = 872914 },
]

[[package]]
name = "more-itertools"
version = "10.6.0"
source = { registry = "https://pypi.org/simple" }
sdist = { url = "https://files.pythonhosted.org/packages/88/3b/7fa1fe835e2e93fd6d7b52b2f95ae810cf5ba133e1845f726f5a992d62c2/more-itertools-10.6.0.tar.gz", hash = "sha256:2cd7fad1009c31cc9fb6a035108509e6547547a7a738374f10bd49a09eb3ee3b", size = 125009 }
wheels = [
    { url = "https://files.pythonhosted.org/packages/23/62/0fe302c6d1be1c777cab0616e6302478251dfbf9055ad426f5d0def75c89/more_itertools-10.6.0-py3-none-any.whl", hash = "sha256:6eb054cb4b6db1473f6e15fcc676a08e4732548acd47c708f0e179c2c7c01e89", size = 63038 },
]

[[package]]
name = "testbeautifulsoup"
version = "0.1.0"
source = { virtual = "." }
dependencies = [
    { name = "bf" },
]

[package.metadata]
requires-dist = [{ name = "bf", specifier = ">=1.11.0" }]

[[package]]
name = "unum"
version = "4.2.1"
source = { registry = "https://pypi.org/simple" }
sdist = { url = "https://files.pythonhosted.org/packages/ff/a7/0d0685be80d222f1dcd32d687960e9dba1a2b7f77ea2d6dfc79290de4892/Unum-4.2.1.tar.gz", hash = "sha256:96591615235eb1ef08434c8221fb042c6999a519b0a7d4f57d49cd2d39ef21e5", size = 25656 }
